
Microsoft Visual Studio Solution File, Format Version 12.00
# Visual Studio Version 17
VisualStudioVersion = 17.5.33516.290
MinimumVisualStudioVersion = 10.0.40219.1
Project("{9A19103F-16F7-4668-BE54-9A1E7A4F7556}") = "Practical20", "Practical20\Practical20.csproj", "{BCED77F8-FA57-41A9-878A-FD84A484D90B}"
Project("{9A19103F-16F7-4668-BE54-9A1E7A4F7556}") = "Practical19", "Practical-19\Practical19.csproj", "{BC812CB3-EFBE-46A4-A8A8-14A6F4F03170}"
Project("{FAE04EC0-301F-11D3-BF4B-00C04F79EFBC}") = "Practical18", "Practical18\Practical18.csproj", "{028E00ED-258F-413F-93AA-C0C0185C4991}"
EndProject
Project("{9A19103F-16F7-4668-BE54-9A1E7A4F7556}") = "Practical18MVC", "Practical18MVC\Practical18MVC.csproj", "{5D2FEB0F-614A-4A04-8817-B407EB5F2442}"
Project("{FAE04EC0-301F-11D3-BF4B-00C04F79EFBC}") = "Practical17", "Practical17\Practical17.csproj", "{17CB76E0-2323-4590-AF52-CCF95A20ECBB}"
Project("{FAE04EC0-301F-11D3-BF4B-00C04F79EFBC}") = "Practical16", "Practical16\Practical16.csproj", "{958AA054-070F-4EEA-86EA-840AEC2E69AA}"

EndProject
Global
	GlobalSection(SolutionConfigurationPlatforms) = preSolution
		Debug|Any CPU = Debug|Any CPU
		Release|Any CPU = Release|Any CPU
	EndGlobalSection
	GlobalSection(ProjectConfigurationPlatforms) = postSolution

		{BCED77F8-FA57-41A9-878A-FD84A484D90B}.Debug|Any CPU.ActiveCfg = Debug|Any CPU
		{BCED77F8-FA57-41A9-878A-FD84A484D90B}.Debug|Any CPU.Build.0 = Debug|Any CPU
		{BCED77F8-FA57-41A9-878A-FD84A484D90B}.Release|Any CPU.ActiveCfg = Release|Any CPU
		{BCED77F8-FA57-41A9-878A-FD84A484D90B}.Release|Any CPU.Build.0 = Release|Any CPU
		{BC812CB3-EFBE-46A4-A8A8-14A6F4F03170}.Debug|Any CPU.ActiveCfg = Debug|Any CPU
		{BC812CB3-EFBE-46A4-A8A8-14A6F4F03170}.Debug|Any CPU.Build.0 = Debug|Any CPU
		{BC812CB3-EFBE-46A4-A8A8-14A6F4F03170}.Release|Any CPU.ActiveCfg = Release|Any CPU
		{BC812CB3-EFBE-46A4-A8A8-14A6F4F03170}.Release|Any CPU.Build.0 = Release|Any CPU
		{028E00ED-258F-413F-93AA-C0C0185C4991}.Debug|Any CPU.ActiveCfg = Debug|Any CPU
		{028E00ED-258F-413F-93AA-C0C0185C4991}.Debug|Any CPU.Build.0 = Debug|Any CPU
		{028E00ED-258F-413F-93AA-C0C0185C4991}.Release|Any CPU.ActiveCfg = Release|Any CPU
		{028E00ED-258F-413F-93AA-C0C0185C4991}.Release|Any CPU.Build.0 = Release|Any CPU
		{5D2FEB0F-614A-4A04-8817-B407EB5F2442}.Debug|Any CPU.ActiveCfg = Debug|Any CPU
		{5D2FEB0F-614A-4A04-8817-B407EB5F2442}.Debug|Any CPU.Build.0 = Debug|Any CPU
		{5D2FEB0F-614A-4A04-8817-B407EB5F2442}.Release|Any CPU.ActiveCfg = Release|Any CPU
		{5D2FEB0F-614A-4A04-8817-B407EB5F2442}.Release|Any CPU.Build.0 = Release|Any CPU
		{17CB76E0-2323-4590-AF52-CCF95A20ECBB}.Debug|Any CPU.ActiveCfg = Debug|Any CPU
		{17CB76E0-2323-4590-AF52-CCF95A20ECBB}.Debug|Any CPU.Build.0 = Debug|Any CPU
		{17CB76E0-2323-4590-AF52-CCF95A20ECBB}.Release|Any CPU.ActiveCfg = Release|Any CPU
		{17CB76E0-2323-4590-AF52-CCF95A20ECBB}.Release|Any CPU.Build.0 = Release|Any CPU
		{958AA054-070F-4EEA-86EA-840AEC2E69AA}.Debug|Any CPU.ActiveCfg = Debug|Any CPU
		{958AA054-070F-4EEA-86EA-840AEC2E69AA}.Debug|Any CPU.Build.0 = Debug|Any CPU
		{958AA054-070F-4EEA-86EA-840AEC2E69AA}.Release|Any CPU.ActiveCfg = Release|Any CPU
		{958AA054-070F-4EEA-86EA-840AEC2E69AA}.Release|Any CPU.Build.0 = Release|Any CPU


	EndGlobalSection
	GlobalSection(SolutionProperties) = preSolution
		HideSolutionNode = FALSE
	EndGlobalSection
	GlobalSection(ExtensibilityGlobals) = postSolution
		SolutionGuid = {58DA6C5C-12F5-4AB8-BE54-421584941535}
	EndGlobalSection
EndGlobal
